{
    "_readme": [
        "This file locks the dependencies of your project to a known state",
        "Read more about it at https://getcomposer.org/doc/01-basic-usage.md#composer-lock-the-lock-file",
        "This file is @generated automatically"
    ],
    "content-hash": "20d63d702ef869197bb6943ae95ebb4d",
    "packages": [
        {
            "name": "nemundo/core",
            "version": "0.1",
            "source": {
                "type": "git",
                "url": "https://github.com/nemundo/core.git",
                "reference": "d092a0455a8cc3fec9a3d7f4e1af697eb3be511a"
            },
            "dist": {
                "type": "zip",
                "url": "https://api.github.com/repos/nemundo/core/zipball/d092a0455a8cc3fec9a3d7f4e1af697eb3be511a",
                "reference": "d092a0455a8cc3fec9a3d7f4e1af697eb3be511a",
                "shasum": ""
            },
            "type": "library",
            "autoload": {
                "psr-4": {
                    "Nemundo\\Core\\": "src/"
                }
            },
            "notification-url": "https://packagist.org/downloads/",
            "authors": [
                {
                    "name": "Urs Lang",
                    "email": "urs.lang@gmail.com"
                }
            ],
            "time": "2019-04-11T17:17:21+00:00"
        }
    ],
    "packages-dev": [],
    "aliases": [],
    "minimum-stability": "stable",
    "stability-flags": [],
    "prefer-stable": false,
    "prefer-lowest": false,
    "platform": [],
    "platform-dev": []
}
