{
    "_readme": [
        "This file locks the dependencies of your project to a known state",
        "Read more about it at https://getcomposer.org/doc/01-basic-usage.md#composer-lock-the-lock-file",
        "This file is @generated automatically"
    ],
    "content-hash": "ca0bce8459f3f983d70398c9be27a5bd",
    "packages": [
        {
            "name": "nemundo/core",
            "version": "0.0.4",
            "source": {
                "type": "git",
                "url": "https://github.com/nemundo/core.git",
                "reference": "3705eb9faf9d463017437ba22b28b71b390e4130"
            },
            "dist": {
                "type": "zip",
                "url": "https://api.github.com/repos/nemundo/core/zipball/3705eb9faf9d463017437ba22b28b71b390e4130",
                "reference": "3705eb9faf9d463017437ba22b28b71b390e4130",
                "shasum": ""
            },
            "type": "library",
            "autoload": {
                "psr-4": {
                    "Nemundo\\Core\\": "src/"
                }
            },
            "notification-url": "https://packagist.org/downloads/",
            "license": [
                "MIT"
            ],
            "authors": [
                {
                    "name": "Urs Lang",
                    "email": "urs.lang@gmail.com"
                }
            ],
            "description": "Nemundo Core",
            "time": "2017-06-14T18:09:59+00:00"
        }
    ],
    "packages-dev": [],
    "aliases": [],
    "minimum-stability": "stable",
    "stability-flags": [],
    "prefer-stable": false,
    "prefer-lowest": false,
    "platform": [],
    "platform-dev": []
}
